
Microsoft Visual Studio Solution File, Format Version 12.00
# Visual Studio Version 16
VisualStudioVersion = 25.0.1706.10
MinimumVisualStudioVersion = 10.0.40219.1
Project("{FAE04EC0-301F-11D3-BF4B-00C04F79EFBC}") = "COP4870-Canvas-Clone", "COP4870-Canvas-Clone\COP4870-Canvas-Clone.csproj", "{1569CA25-71B4-4660-BC3C-7376B0B50643}"
EndProject
Global
	GlobalSection(SolutionConfigurationPlatforms) = preSolution
		Debug|Any CPU = Debug|Any CPU
		Release|Any CPU = Release|Any CPU
	EndGlobalSection
	GlobalSection(ProjectConfigurationPlatforms) = postSolution
		{1569CA25-71B4-4660-BC3C-7376B0B50643}.Debug|Any CPU.ActiveCfg = Debug|Any CPU
		{1569CA25-71B4-4660-BC3C-7376B0B50643}.Debug|Any CPU.Build.0 = Debug|Any CPU
		{1569CA25-71B4-4660-BC3C-7376B0B50643}.Release|Any CPU.ActiveCfg = Release|Any CPU
		{1569CA25-71B4-4660-BC3C-7376B0B50643}.Release|Any CPU.Build.0 = Release|Any CPU
	EndGlobalSection
	GlobalSection(SolutionProperties) = preSolution
		HideSolutionNode = FALSE
	EndGlobalSection
	GlobalSection(ExtensibilityGlobals) = postSolution
		SolutionGuid = {3AB88ADE-A5B1-4835-B4B9-374568E03E7A}
	EndGlobalSection
	GlobalSection(MonoDevelopProperties) = preSolution
		Policies = $0
		$0.DotNetNamingPolicy = $1
		$1.DirectoryNamespaceAssociation = PrefixedHierarchical
	EndGlobalSection
EndGlobal
